
Microsoft Visual Studio Solution File, Format Version 12.00
# Visual Studio Version 16
VisualStudioVersion = 16.0.29519.181
MinimumVisualStudioVersion = 10.0.40219.1
Project("{FAE04EC0-301F-11D3-BF4B-00C04F79EFBC}") = "CambioBilletes2.0", "CambioBilletes2.0\CambioBilletes2.0.csproj", "{DAF0FBD0-11C2-425E-9D0A-36C175CB7974}"
EndProject
Global
	GlobalSection(SolutionConfigurationPlatforms) = preSolution
		Debug|Any CPU = Debug|Any CPU
		Release|Any CPU = Release|Any CPU
	EndGlobalSection
	GlobalSection(ProjectConfigurationPlatforms) = postSolution
		{DAF0FBD0-11C2-425E-9D0A-36C175CB7974}.Debug|Any CPU.ActiveCfg = Debug|Any CPU
		{DAF0FBD0-11C2-425E-9D0A-36C175CB7974}.Debug|Any CPU.Build.0 = Debug|Any CPU
		{DAF0FBD0-11C2-425E-9D0A-36C175CB7974}.Release|Any CPU.ActiveCfg = Release|Any CPU
		{DAF0FBD0-11C2-425E-9D0A-36C175CB7974}.Release|Any CPU.Build.0 = Release|Any CPU
	EndGlobalSection
	GlobalSection(SolutionProperties) = preSolution
		HideSolutionNode = FALSE
	EndGlobalSection
	GlobalSection(ExtensibilityGlobals) = postSolution
		SolutionGuid = {6BA8B7A3-1CDF-4DD5-A2AE-0E164189681D}
	EndGlobalSection
EndGlobal
